
Microsoft Visual Studio Solution File, Format Version 12.00
# Visual Studio Version 16
VisualStudioVersion = 16.0.29009.5
MinimumVisualStudioVersion = 10.0.40219.1
Project("{9A19103F-16F7-4668-BE54-9A1E7A4F7556}") = "Kether.lib", "Kether.lib\Kether.lib.csproj", "{64278F98-D7AE-4F6A-9654-6059193765FA}"
EndProject
Project("{9A19103F-16F7-4668-BE54-9A1E7A4F7556}") = "Kether.test", "Kether.test\Kether.test.csproj", "{F7B34803-78BA-4DC3-8096-B25EC3E04CE9}"
EndProject
Project("{9A19103F-16F7-4668-BE54-9A1E7A4F7556}") = "Kether.console", "Kether.console\Kether.console.csproj", "{2CA82001-FB83-4824-9523-F2EC8B4CE2B9}"
EndProject
Global
	GlobalSection(SolutionConfigurationPlatforms) = preSolution
		Debug|Any CPU = Debug|Any CPU
		Release|Any CPU = Release|Any CPU
	EndGlobalSection
	GlobalSection(ProjectConfigurationPlatforms) = postSolution
		{64278F98-D7AE-4F6A-9654-6059193765FA}.Debug|Any CPU.ActiveCfg = Debug|Any CPU
		{64278F98-D7AE-4F6A-9654-6059193765FA}.Debug|Any CPU.Build.0 = Debug|Any CPU
		{64278F98-D7AE-4F6A-9654-6059193765FA}.Release|Any CPU.ActiveCfg = Release|Any CPU
		{64278F98-D7AE-4F6A-9654-6059193765FA}.Release|Any CPU.Build.0 = Release|Any CPU
		{F7B34803-78BA-4DC3-8096-B25EC3E04CE9}.Debug|Any CPU.ActiveCfg = Debug|Any CPU
		{F7B34803-78BA-4DC3-8096-B25EC3E04CE9}.Debug|Any CPU.Build.0 = Debug|Any CPU
		{F7B34803-78BA-4DC3-8096-B25EC3E04CE9}.Release|Any CPU.ActiveCfg = Release|Any CPU
		{F7B34803-78BA-4DC3-8096-B25EC3E04CE9}.Release|Any CPU.Build.0 = Release|Any CPU
		{2CA82001-FB83-4824-9523-F2EC8B4CE2B9}.Debug|Any CPU.ActiveCfg = Debug|Any CPU
		{2CA82001-FB83-4824-9523-F2EC8B4CE2B9}.Debug|Any CPU.Build.0 = Debug|Any CPU
		{2CA82001-FB83-4824-9523-F2EC8B4CE2B9}.Release|Any CPU.ActiveCfg = Release|Any CPU
		{2CA82001-FB83-4824-9523-F2EC8B4CE2B9}.Release|Any CPU.Build.0 = Release|Any CPU
	EndGlobalSection
	GlobalSection(SolutionProperties) = preSolution
		HideSolutionNode = FALSE
	EndGlobalSection
	GlobalSection(ExtensibilityGlobals) = postSolution
		SolutionGuid = {73D93BC7-57BE-4325-BD60-52E8CC899D97}
	EndGlobalSection
EndGlobal
